
Microsoft Visual Studio Solution File, Format Version 12.00
# Visual Studio 15
VisualStudioVersion = 15.0.26730.15
MinimumVisualStudioVersion = 10.0.40219.1
Project("{FAE04EC0-301F-11D3-BF4B-00C04F79EFBC}") = "BauChessViewer", "Applications\BauChessViewer\BauChessViewer.csproj", "{75C097A5-1372-41E3-8B9A-9EA0750E16EA}"
EndProject
Project("{FAE04EC0-301F-11D3-BF4B-00C04F79EFBC}") = "LibChessGame", "Libraries\LibChessGame\LibChessGame.csproj", "{DAD1FB27-BC00-4030-BC19-8DE90D2F0F49}"
EndProject
Global
	GlobalSection(SolutionConfigurationPlatforms) = preSolution
		Debug|Any CPU = Debug|Any CPU
		Release|Any CPU = Release|Any CPU
	EndGlobalSection
	GlobalSection(ProjectConfigurationPlatforms) = postSolution
		{75C097A5-1372-41E3-8B9A-9EA0750E16EA}.Debug|Any CPU.ActiveCfg = Debug|Any CPU
		{75C097A5-1372-41E3-8B9A-9EA0750E16EA}.Debug|Any CPU.Build.0 = Debug|Any CPU
		{75C097A5-1372-41E3-8B9A-9EA0750E16EA}.Release|Any CPU.ActiveCfg = Release|Any CPU
		{75C097A5-1372-41E3-8B9A-9EA0750E16EA}.Release|Any CPU.Build.0 = Release|Any CPU
		{DAD1FB27-BC00-4030-BC19-8DE90D2F0F49}.Debug|Any CPU.ActiveCfg = Debug|Any CPU
		{DAD1FB27-BC00-4030-BC19-8DE90D2F0F49}.Debug|Any CPU.Build.0 = Debug|Any CPU
		{DAD1FB27-BC00-4030-BC19-8DE90D2F0F49}.Release|Any CPU.ActiveCfg = Release|Any CPU
		{DAD1FB27-BC00-4030-BC19-8DE90D2F0F49}.Release|Any CPU.Build.0 = Release|Any CPU
	EndGlobalSection
	GlobalSection(SolutionProperties) = preSolution
		HideSolutionNode = FALSE
	EndGlobalSection
	GlobalSection(ExtensibilityGlobals) = postSolution
		SolutionGuid = {8784B677-E4DA-4258-860A-5995D7278E5C}
	EndGlobalSection
EndGlobal
